version = 1
revision = 2
requires-python = ">=3.12"

[[package]]
name = "elementpath"
version = "5.0.3"
source = { registry = "https://pypi.org/simple" }
sdist = { url = "https://files.pythonhosted.org/packages/29/bc/da7c0c920ae4b186634c34d526ab248cfcbe5acf3740f77945b53d141e50/elementpath-5.0.3.tar.gz", hash = "sha256:61040ca014769d507ce19d26521a4bf1c64d2bd0776466e45030dbfe181f7062", size = 364992, upload_time = "2025-06-28T06:20:38.788Z" }
wheels = [
    { url = "https://files.pythonhosted.org/packages/f6/65/84a48ff419cb5f303be2eaa40a757a7860c777a1caf738738de489db69e0/elementpath-5.0.3-py3-none-any.whl", hash = "sha256:8c93540556f743835b3c682a7bdb2d97371ee1e151430ff35498b59f2c14e5a0", size = 245575, upload_time = "2025-06-28T06:20:35.932Z" },
]

[[package]]
name = "nazmito"
version = "0.1.0"
source = { virtual = "." }
dependencies = [
    { name = "xmlschema" },
    { name = "xmltodict" },
]

[package.metadata]
requires-dist = [
    { name = "xmlschema", specifier = ">=4.1.0" },
    { name = "xmltodict", specifier = ">=0.14.2" },
]

[[package]]
name = "xmlschema"
version = "4.1.0"
source = { registry = "https://pypi.org/simple" }
dependencies = [
    { name = "elementpath" },
]
sdist = { url = "https://files.pythonhosted.org/packages/dd/cb/dc0236ae209c924c1a7f4d3ae9d3371980beda85d1e0b5bd2d4f07372e48/xmlschema-4.1.0.tar.gz", hash = "sha256:88ac771cf94d5fc6bbd1a763db8c157f3d683ad23120b0d0b8c46fe4537f2adf", size = 633811, upload_time = "2025-06-05T21:17:39.32Z" }
wheels = [
    { url = "https://files.pythonhosted.org/packages/c5/2c/3ba8f8aeb3cb566e88a61ab0b0b767d5398d1e7293a0f7a76df9051e2b08/xmlschema-4.1.0-py3-none-any.whl", hash = "sha256:eabf610f398a58700bc4ac94380ad9ce558297a3f9ca8b7722ed3f7888eb4498", size = 458466, upload_time = "2025-06-05T21:17:35.265Z" },
]

[[package]]
name = "xmltodict"
version = "0.14.2"
source = { registry = "https://pypi.org/simple" }
sdist = { url = "https://files.pythonhosted.org/packages/50/05/51dcca9a9bf5e1bce52582683ce50980bcadbc4fa5143b9f2b19ab99958f/xmltodict-0.14.2.tar.gz", hash = "sha256:201e7c28bb210e374999d1dde6382923ab0ed1a8a5faeece48ab525b7810a553", size = 51942, upload_time = "2024-10-16T06:10:29.683Z" }
wheels = [
    { url = "https://files.pythonhosted.org/packages/d6/45/fc303eb433e8a2a271739c98e953728422fa61a3c1f36077a49e395c972e/xmltodict-0.14.2-py2.py3-none-any.whl", hash = "sha256:20cc7d723ed729276e808f26fb6b3599f786cbc37e06c65e192ba77c40f20aac", size = 9981, upload_time = "2024-10-16T06:10:27.649Z" },
]
